// !$*UTF8*$!
{
	archiveVersion = 1;
	classes = {
	};
	objectVersion = 46;
	objects = {

/* Begin PBXBuildFile section */
		7B744CF01C6E5AEA0073CDCB /* main.m in Sources */ = {isa = PBXBuildFile; fileRef = 7B744CEF1C6E5AEA0073CDCB /* main.m */; };
		7B744CF81C6E5B100073CDCB /* MyPoint.m in Sources */ = {isa = PBXBuildFile; fileRef = 7B744CF71C6E5B100073CDCB /* MyPoint.m */; };
		7BC8C4121C7E13A700EDDFAA /* Rectangle.m in Sources */ = {isa = PBXBuildFile; fileRef = 7BC8C4111C7E13A700EDDFAA /* Rectangle.m */; };
		7BC8C4161C7E1DFF00EDDFAA /* Square.m in Sources */ = {isa = PBXBuildFile; fileRef = 7BC8C4151C7E1DFF00EDDFAA /* Square.m */; };
		7BC8C4191C7E1E0700EDDFAA /* Circle.m in Sources */ = {isa = PBXBuildFile; fileRef = 7BC8C4181C7E1E0700EDDFAA /* Circle.m */; };
		7BEC48511C778571002EFA4B /* Utilities.m in Sources */ = {isa = PBXBuildFile; fileRef = 7BEC48501C778571002EFA4B /* Utilities.m */; };
/* End PBXBuildFile section */

/* Begin PBXCopyFilesBuildPhase section */
		7B744CEA1C6E5AEA0073CDCB /* CopyFiles */ = {
			isa = PBXCopyFilesBuildPhase;
			buildActionMask = 2147483647;
			dstPath = /usr/share/man/man1/;
			dstSubfolderSpec = 0;
			files = (
			);
			runOnlyForDeploymentPostprocessing = 1;
		};
/* End PBXCopyFilesBuildPhase section */

/* Begin PBXFileReference section */
		7B744CEC1C6E5AEA0073CDCB /* MyPoint Project */ = {isa = PBXFileReference; explicitFileType = "compiled.mach-o.executable"; includeInIndex = 0; path = "MyPoint Project"; sourceTree = BUILT_PRODUCTS_DIR; };
		7B744CEF1C6E5AEA0073CDCB /* main.m */ = {isa = PBXFileReference; lastKnownFileType = sourcecode.c.objc; path = main.m; sourceTree = "<group>"; };
		7B744CF61C6E5B100073CDCB /* MyPoint.h */ = {isa = PBXFileReference; fileEncoding = 4; lastKnownFileType = sourcecode.c.h; path = MyPoint.h; sourceTree = "<group>"; };
		7B744CF71C6E5B100073CDCB /* MyPoint.m */ = {isa = PBXFileReference; fileEncoding = 4; lastKnownFileType = sourcecode.c.objc; path = MyPoint.m; sourceTree = "<group>"; };
		7B8D838E1C7D07E800A5E9F6 /* AbstractPoint.h */ = {isa = PBXFileReference; fileEncoding = 4; lastKnownFileType = sourcecode.c.h; path = AbstractPoint.h; sourceTree = "<group>"; };
		7BC8C40C1C7E114000EDDFAA /* Shape.h */ = {isa = PBXFileReference; fileEncoding = 4; lastKnownFileType = sourcecode.c.h; path = Shape.h; sourceTree = "<group>"; };
		7BC8C4101C7E13A700EDDFAA /* Rectangle.h */ = {isa = PBXFileReference; fileEncoding = 4; lastKnownFileType = sourcecode.c.h; path = Rectangle.h; sourceTree = "<group>"; };
		7BC8C4111C7E13A700EDDFAA /* Rectangle.m */ = {isa = PBXFileReference; fileEncoding = 4; lastKnownFileType = sourcecode.c.objc; path = Rectangle.m; sourceTree = "<group>"; };
		7BC8C4141C7E1DFF00EDDFAA /* Square.h */ = {isa = PBXFileReference; fileEncoding = 4; lastKnownFileType = sourcecode.c.h; path = Square.h; sourceTree = "<group>"; };
		7BC8C4151C7E1DFF00EDDFAA /* Square.m */ = {isa = PBXFileReference; fileEncoding = 4; lastKnownFileType = sourcecode.c.objc; path = Square.m; sourceTree = "<group>"; };
		7BC8C4171C7E1E0700EDDFAA /* Circle.h */ = {isa = PBXFileReference; fileEncoding = 4; lastKnownFileType = sourcecode.c.h; path = Circle.h; sourceTree = "<group>"; };
		7BC8C4181C7E1E0700EDDFAA /* Circle.m */ = {isa = PBXFileReference; fileEncoding = 4; lastKnownFileType = sourcecode.c.objc; path = Circle.m; sourceTree = "<group>"; };
		7BCDE1C71C7F882D004D3D5E /* Quadrilateral.h */ = {isa = PBXFileReference; fileEncoding = 4; lastKnownFileType = sourcecode.c.h; path = Quadrilateral.h; sourceTree = "<group>"; };
		7BEC484F1C778571002EFA4B /* Utilities.h */ = {isa = PBXFileReference; fileEncoding = 4; lastKnownFileType = sourcecode.c.h; name = Utilities.h; path = ../Utilities.h; sourceTree = "<group>"; };
		7BEC48501C778571002EFA4B /* Utilities.m */ = {isa = PBXFileReference; fileEncoding = 4; lastKnownFileType = sourcecode.c.objc; name = Utilities.m; path = ../Utilities.m; sourceTree = "<group>"; };
/* End PBXFileReference section */

/* Begin PBXFrameworksBuildPhase section */
		7B744CE91C6E5AEA0073CDCB /* Frameworks */ = {
			isa = PBXFrameworksBuildPhase;
			buildActionMask = 2147483647;
			files = (
			);
			runOnlyForDeploymentPostprocessing = 0;
		};
/* End PBXFrameworksBuildPhase section */

/* Begin PBXGroup section */
		7B744CE31C6E5AE90073CDCB = {
			isa = PBXGroup;
			children = (
				7B744CEE1C6E5AEA0073CDCB /* MyPoint Project */,
				7B744CED1C6E5AEA0073CDCB /* Products */,
			);
			sourceTree = "<group>";
		};
		7B744CED1C6E5AEA0073CDCB /* Products */ = {
			isa = PBXGroup;
			children = (
				7B744CEC1C6E5AEA0073CDCB /* MyPoint Project */,
			);
			name = Products;
			sourceTree = "<group>";
		};
		7B744CEE1C6E5AEA0073CDCB /* MyPoint Project */ = {
			isa = PBXGroup;
			children = (
				7BC8C41B1C7E1E2900EDDFAA /* Circle Class */,
				7BC8C4171C7E1E0700EDDFAA /* Circle.h */,
				7BC8C4181C7E1E0700EDDFAA /* Circle.m */,
				7BC8C4131C7E13B700EDDFAA /* Rectangle Class */,
				7BC8C4101C7E13A700EDDFAA /* Rectangle.h */,
				7BC8C4111C7E13A700EDDFAA /* Rectangle.m */,
				7BC8C41A1C7E1E0D00EDDFAA /* Square Class */,
				7BC8C4141C7E1DFF00EDDFAA /* Square.h */,
				7BC8C4151C7E1DFF00EDDFAA /* Square.m */,
				7B8D838D1C7CD58E00A5E9F6 /* MyPoint Class */,
				7B744CF61C6E5B100073CDCB /* MyPoint.h */,
				7B744CF71C6E5B100073CDCB /* MyPoint.m */,
				7B8D838C1C7CD57E00A5E9F6 /* Utilities Class */,
				7BEC484F1C778571002EFA4B /* Utilities.h */,
				7BEC48501C778571002EFA4B /* Utilities.m */,
				7BC8C40F1C7E114500EDDFAA /* Shape Protocols */,
				7B8D838F1C7D07EF00A5E9F6 /* AbstractPoint Protocol */,
				7B744CEF1C6E5AEA0073CDCB /* main.m */,
			);
			path = "MyPoint Project";
			sourceTree = "<group>";
		};
		7B8D838C1C7CD57E00A5E9F6 /* Utilities Class */ = {
			isa = PBXGroup;
			children = (
			);
			name = "Utilities Class";
			sourceTree = "<group>";
		};
		7B8D838D1C7CD58E00A5E9F6 /* MyPoint Class */ = {
			isa = PBXGroup;
			children = (
			);
			name = "MyPoint Class";
			sourceTree = "<group>";
		};
		7B8D838F1C7D07EF00A5E9F6 /* AbstractPoint Protocol */ = {
			isa = PBXGroup;
			children = (
				7B8D838E1C7D07E800A5E9F6 /* AbstractPoint.h */,
			);
			name = "AbstractPoint Protocol";
			sourceTree = "<group>";
		};
		7BC8C40F1C7E114500EDDFAA /* Shape Protocols */ = {
			isa = PBXGroup;
			children = (
				7BC8C40C1C7E114000EDDFAA /* Shape.h */,
				7BCDE1C71C7F882D004D3D5E /* Quadrilateral.h */,
			);
			name = "Shape Protocols";
			sourceTree = "<group>";
		};
		7BC8C4131C7E13B700EDDFAA /* Rectangle Class */ = {
			isa = PBXGroup;
			children = (
			);
			name = "Rectangle Class";
			sourceTree = "<group>";
		};
		7BC8C41A1C7E1E0D00EDDFAA /* Square Class */ = {
			isa = PBXGroup;
			children = (
			);
			name = "Square Class";
			sourceTree = "<group>";
		};
		7BC8C41B1C7E1E2900EDDFAA /* Circle Class */ = {
			isa = PBXGroup;
			children = (
			);
			name = "Circle Class";
			sourceTree = "<group>";
		};
/* End PBXGroup section */

/* Begin PBXNativeTarget section */
		7B744CEB1C6E5AEA0073CDCB /* MyPoint Project */ = {
			isa = PBXNativeTarget;
			buildConfigurationList = 7B744CF31C6E5AEA0073CDCB /* Build configuration list for PBXNativeTarget "MyPoint Project" */;
			buildPhases = (
				7B744CE81C6E5AEA0073CDCB /* Sources */,
				7B744CE91C6E5AEA0073CDCB /* Frameworks */,
				7B744CEA1C6E5AEA0073CDCB /* CopyFiles */,
			);
			buildRules = (
			);
			dependencies = (
			);
			name = "MyPoint Project";
			productName = "MyPoint Project";
			productReference = 7B744CEC1C6E5AEA0073CDCB /* MyPoint Project */;
			productType = "com.apple.product-type.tool";
		};
/* End PBXNativeTarget section */

/* Begin PBXProject section */
		7B744CE41C6E5AE90073CDCB /* Project object */ = {
			isa = PBXProject;
			attributes = {
				LastUpgradeCheck = 0720;
				ORGANIZATIONNAME = "Turn to Tech";
				TargetAttributes = {
					7B744CEB1C6E5AEA0073CDCB = {
						CreatedOnToolsVersion = 7.2.1;
					};
				};
			};
			buildConfigurationList = 7B744CE71C6E5AE90073CDCB /* Build configuration list for PBXProject "MyPoint Project" */;
			compatibilityVersion = "Xcode 3.2";
			developmentRegion = English;
			hasScannedForEncodings = 0;
			knownRegions = (
				en,
			);
			mainGroup = 7B744CE31C6E5AE90073CDCB;
			productRefGroup = 7B744CED1C6E5AEA0073CDCB /* Products */;
			projectDirPath = "";
			projectRoot = "";
			targets = (
				7B744CEB1C6E5AEA0073CDCB /* MyPoint Project */,
			);
		};
/* End PBXProject section */

/* Begin PBXSourcesBuildPhase section */
		7B744CE81C6E5AEA0073CDCB /* Sources */ = {
			isa = PBXSourcesBuildPhase;
			buildActionMask = 2147483647;
			files = (
				7BC8C4161C7E1DFF00EDDFAA /* Square.m in Sources */,
				7BC8C4191C7E1E0700EDDFAA /* Circle.m in Sources */,
				7BEC48511C778571002EFA4B /* Utilities.m in Sources */,
				7B744CF81C6E5B100073CDCB /* MyPoint.m in Sources */,
				7B744CF01C6E5AEA0073CDCB /* main.m in Sources */,
				7BC8C4121C7E13A700EDDFAA /* Rectangle.m in Sources */,
			);
			runOnlyForDeploymentPostprocessing = 0;
		};
/* End PBXSourcesBuildPhase section */

/* Begin XCBuildConfiguration section */
		7B744CF11C6E5AEA0073CDCB /* Debug */ = {
			isa = XCBuildConfiguration;
			buildSettings = {
				ALWAYS_SEARCH_USER_PATHS = NO;
				CLANG_CXX_LANGUAGE_STANDARD = "gnu++0x";
				CLANG_CXX_LIBRARY = "libc++";
				CLANG_ENABLE_MODULES = YES;
				CLANG_ENABLE_OBJC_ARC = YES;
				CLANG_WARN_BOOL_CONVERSION = YES;
				CLANG_WARN_CONSTANT_CONVERSION = YES;
				CLANG_WARN_DIRECT_OBJC_ISA_USAGE = YES_ERROR;
				CLANG_WARN_EMPTY_BODY = YES;
				CLANG_WARN_ENUM_CONVERSION = YES;
				CLANG_WARN_INT_CONVERSION = YES;
				CLANG_WARN_OBJC_ROOT_CLASS = YES_ERROR;
				CLANG_WARN_UNREACHABLE_CODE = YES;
				CLANG_WARN__DUPLICATE_METHOD_MATCH = YES;
				CODE_SIGN_IDENTITY = "-";
				COPY_PHASE_STRIP = NO;
				DEBUG_INFORMATION_FORMAT = dwarf;
				ENABLE_STRICT_OBJC_MSGSEND = YES;
				ENABLE_TESTABILITY = YES;
				GCC_C_LANGUAGE_STANDARD = gnu99;
				GCC_DYNAMIC_NO_PIC = NO;
				GCC_NO_COMMON_BLOCKS = YES;
				GCC_OPTIMIZATION_LEVEL = 0;
				GCC_PREPROCESSOR_DEFINITIONS = (
					"DEBUG=1",
					"$(inherited)",
				);
				GCC_WARN_64_TO_32_BIT_CONVERSION = YES;
				GCC_WARN_ABOUT_RETURN_TYPE = YES_ERROR;
				GCC_WARN_UNDECLARED_SELECTOR = YES;
				GCC_WARN_UNINITIALIZED_AUTOS = YES_AGGRESSIVE;
				GCC_WARN_UNUSED_FUNCTION = YES;
				GCC_WARN_UNUSED_VARIABLE = YES;
				MACOSX_DEPLOYMENT_TARGET = 10.11;
				MTL_ENABLE_DEBUG_INFO = YES;
				ONLY_ACTIVE_ARCH = YES;
				SDKROOT = macosx;
			};
			name = Debug;
		};
		7B744CF21C6E5AEA0073CDCB /* Release */ = {
			isa = XCBuildConfiguration;
			buildSettings = {
				ALWAYS_SEARCH_USER_PATHS = NO;
				CLANG_CXX_LANGUAGE_STANDARD = "gnu++0x";
				CLANG_CXX_LIBRARY = "libc++";
				CLANG_ENABLE_MODULES = YES;
				CLANG_ENABLE_OBJC_ARC = YES;
				CLANG_WARN_BOOL_CONVERSION = YES;
				CLANG_WARN_CONSTANT_CONVERSION = YES;
				CLANG_WARN_DIRECT_OBJC_ISA_USAGE = YES_ERROR;
				CLANG_WARN_EMPTY_BODY = YES;
				CLANG_WARN_ENUM_CONVERSION = YES;
				CLANG_WARN_INT_CONVERSION = YES;
				CLANG_WARN_OBJC_ROOT_CLASS = YES_ERROR;
				CLANG_WARN_UNREACHABLE_CODE = YES;
				CLANG_WARN__DUPLICATE_METHOD_MATCH = YES;
				CODE_SIGN_IDENTITY = "-";
				COPY_PHASE_STRIP = NO;
				DEBUG_INFORMATION_FORMAT = "dwarf-with-dsym";
				ENABLE_NS_ASSERTIONS = NO;
				ENABLE_STRICT_OBJC_MSGSEND = YES;
				GCC_C_LANGUAGE_STANDARD = gnu99;
				GCC_NO_COMMON_BLOCKS = YES;
				GCC_WARN_64_TO_32_BIT_CONVERSION = YES;
				GCC_WARN_ABOUT_RETURN_TYPE = YES_ERROR;
				GCC_WARN_UNDECLARED_SELECTOR = YES;
				GCC_WARN_UNINITIALIZED_AUTOS = YES_AGGRESSIVE;
				GCC_WARN_UNUSED_FUNCTION = YES;
				GCC_WARN_UNUSED_VARIABLE = YES;
				MACOSX_DEPLOYMENT_TARGET = 10.11;
				MTL_ENABLE_DEBUG_INFO = NO;
				SDKROOT = macosx;
			};
			name = Release;
		};
		7B744CF41C6E5AEA0073CDCB /* Debug */ = {
			isa = XCBuildConfiguration;
			buildSettings = {
				PRODUCT_NAME = "$(TARGET_NAME)";
			};
			name = Debug;
		};
		7B744CF51C6E5AEA0073CDCB /* Release */ = {
			isa = XCBuildConfiguration;
			buildSettings = {
				PRODUCT_NAME = "$(TARGET_NAME)";
			};
			name = Release;
		};
/* End XCBuildConfiguration section */

/* Begin XCConfigurationList section */
		7B744CE71C6E5AE90073CDCB /* Build configuration list for PBXProject "MyPoint Project" */ = {
			isa = XCConfigurationList;
			buildConfigurations = (
				7B744CF11C6E5AEA0073CDCB /* Debug */,
				7B744CF21C6E5AEA0073CDCB /* Release */,
			);
			defaultConfigurationIsVisible = 0;
			defaultConfigurationName = Release;
		};
		7B744CF31C6E5AEA0073CDCB /* Build configuration list for PBXNativeTarget "MyPoint Project" */ = {
			isa = XCConfigurationList;
			buildConfigurations = (
				7B744CF41C6E5AEA0073CDCB /* Debug */,
				7B744CF51C6E5AEA0073CDCB /* Release */,
			);
			defaultConfigurationIsVisible = 0;
			defaultConfigurationName = Release;
		};
/* End XCConfigurationList section */
	};
	rootObject = 7B744CE41C6E5AE90073CDCB /* Project object */;
}
